{
  "sources": {
    "freeswitch": {
      "locked_version": "0.1.0",
      "git": "git://github.com/mojolingo/freeswitch-cookbook.git",
      "ref": "5cb9ba1214ad5291b9e1a807bbb33df021fd1ca9"
    },
    "adam": {
      "path": "./adam_cookbook"
    },
    "apt": {
      "locked_version": "2.3.0"
    },
    "motd-tail": {
      "locked_version": "1.2.0"
    },
    "chef-solo-search": {
      "locked_version": "0.5.1"
    },
    "mongodb": {
      "locked_version": "0.13.4"
    },
    "yum": {
      "locked_version": "2.4.2"
    },
    "git": {
      "locked_version": "2.7.0"
    },
    "dmg": {
      "locked_version": "2.0.8"
    },
    "build-essential": {
      "locked_version": "1.4.2"
    },
    "windows": {
      "locked_version": "1.11.0"
    },
    "chef_handler": {
      "locked_version": "1.1.4"
    },
    "runit": {
      "locked_version": "1.4.0"
    },
    "rabbitmq": {
      "locked_version": "2.3.2"
    },
    "erlang": {
      "locked_version": "1.3.2"
    },
    "rbenv": {
      "locked_version": "1.6.5"
    },
    "ohai": {
      "locked_version": "1.1.12"
    },
    "application": {
      "locked_version": "4.1.4"
    },
    "application_nginx": {
      "locked_version": "2.0.2"
    },
    "nginx": {
      "locked_version": "2.0.4"
    },
    "bluepill": {
      "locked_version": "2.3.0"
    },
    "rsyslog": {
      "locked_version": "1.9.0"
    },
    "sudo": {
      "locked_version": "2.2.2"
    },
    "postfix": {
      "locked_version": "3.0.4"
    },
    "ejabberd": {
      "locked_version": "0.1.1"
    }
  }
}
