{
  "sources": {
    "apt": {
      "locked_version": "1.5.0"
    },
    "motd-tail": {
      "locked_version": "1.1.0"
    },
    "git": {
      "locked_version": "1.0.2"
    },
    "erlang": {
      "locked_version": "1.1.0"
    },
    "chef-solo-search": {
      "locked_version": "0.4.0",
      "git": "https://github.com/edelight/chef-solo-search.git",
      "ref": "83fd5c5da1d32f53dba782cafaf8fad9f17b76a8"
    },
    "mongodb": {
      "locked_version": "0.11.0",
      "git": "https://github.com/edelight/chef-mongodb.git",
      "ref": "58d2f44bf0cbfb67441f0882cdbddc6ba19ea6ac"
    },
    "ruby-build": {
      "locked_version": "0.6.3",
      "git": "https://github.com/fnichol/chef-ruby_build.git",
      "ref": "c38d86966694b85db291625b245722208b40b61e"
    },
    "rbenv": {
      "locked_version": "0.6.11",
      "git": "https://github.com/fnichol/chef-rbenv.git",
      "ref": "c4dbcc85e3d6dae0eb8c9dc507d5ee915b7ad480"
    },
    "ejabberd": {
      "locked_version": "0.1.0",
      "git": "git://github.com/mojolingo/ejabberd.git",
      "ref": "2f1f53981470d2f4cf941839cebc80fdba62f056"
    },
    "rabbitmq": {
      "locked_version": "1.5.1",
      "git": "https://github.com/mojolingo/rabbitmq.git",
      "ref": "0cea36930941cc036616718c867c234479a6a3dc"
    },
    "application_nginx": {
      "locked_version": "1.0.2",
      "git": "git://github.com/mojolingo/application_nginx.git",
      "ref": "78d8cae99cba7677e6d7ee86e405cdd1ced5e8af"
    },
    "adam": {
      "path": "./cookbooks/adam"
    },
    "build-essential": {
      "locked_version": "1.4.0"
    },
    "dmg": {
      "locked_version": "1.1.0"
    },
    "runit": {
      "locked_version": "1.1.6"
    },
    "yum": {
      "locked_version": "2.3.0"
    },
    "ruby_build": {
      "locked_version": "0.8.0"
    },
    "java": {
      "locked_version": "1.12.0"
    },
    "windows": {
      "locked_version": "1.10.0"
    },
    "chef_handler": {
      "locked_version": "1.1.4"
    },
    "application": {
      "locked_version": "3.0.0"
    },
    "nginx": {
      "locked_version": "1.7.0"
    },
    "ohai": {
      "locked_version": "1.1.10"
    },
    "sudo": {
      "locked_version": "2.1.4"
    },
    "postfix": {
      "locked_version": "2.1.6"
    }
  }
}
