cookbook 'apt', :locked_version => '1.5.0'
cookbook 'motd-tail', :locked_version => '1.2.0'
cookbook 'git', :locked_version => '2.1.2'
cookbook 'erlang', :locked_version => '1.1.2'
cookbook 'chef-solo-search', :git => 'git://github.com/edelight/chef-solo-search.git', :ref => '915792dcb9e2cfe59d7499a00e847dd824da7fda'
cookbook 'mongodb', :git => 'git://github.com/edelight/chef-mongodb.git', :ref => 'ce35aef9ba52106ddb0a97d52caf98324e672174'
cookbook 'ruby-build', :git => 'git://github.com/fnichol/chef-ruby_build.git', :ref => 'c940b5e9cd40eaba10d6285de6648f4d25fe959d'
cookbook 'rbenv', :git => 'git://github.com/fnichol/chef-rbenv.git', :ref => '3b1c59abc1134a50b0b8844954eca9a566aaffb8'
cookbook 'ejabberd', :git => 'git://github.com/mojolingo/ejabberd.git', :ref => '2f1f53981470d2f4cf941839cebc80fdba62f056'
cookbook 'rabbitmq', :git => 'git://github.com/mojolingo/rabbitmq.git', :ref => '0cea36930941cc036616718c867c234479a6a3dc'
cookbook 'application_nginx', :git => 'git://github.com/mojolingo/application_nginx.git', :ref => '8a80a74a941cf498ef37f279362f0aa4cc18e865'
cookbook 'freeswitch', :git => 'git://github.com/mojolingo/freeswitch-cookbook.git', :ref => 'feature/rayo'
cookbook 'adam', :path => 'cookbooks/adam'
cookbook 'dmg', :locked_version => '1.1.0'
cookbook 'runit', :locked_version => '0.16.2'
cookbook 'build-essential', :locked_version => '1.3.2'
cookbook 'yum', :locked_version => '2.1.0'
cookbook 'windows', :locked_version => '1.7.0'
cookbook 'chef_handler', :locked_version => '1.1.4'
cookbook 'ruby_build', :locked_version => '0.7.2'
cookbook 'java', :locked_version => '1.6.0'
cookbook 'application', :locked_version => '2.0.0'
cookbook 'nginx', :locked_version => '1.1.4'
cookbook 'bluepill', :locked_version => '2.2.0'
cookbook 'rsyslog', :locked_version => '1.5.0'
cookbook 'ohai', :locked_version => '1.1.6'
cookbook 'sudo', :locked_version => '2.0.4'
cookbook 'postfix', :locked_version => '2.1.4'