cookbook 'apt', :locked_version => '1.5.0'
cookbook 'motd-tail', :locked_version => '1.1.0'
cookbook 'git', :locked_version => '1.0.2'
cookbook 'erlang', :locked_version => '1.1.0'
cookbook 'chef-solo-search', :git => 'https://github.com/edelight/chef-solo-search.git', :ref => '83fd5c5da1d32f53dba782cafaf8fad9f17b76a8'
cookbook 'ruby-build', :git => 'https://github.com/fnichol/chef-ruby_build.git', :ref => 'c38d86966694b85db291625b245722208b40b61e'
cookbook 'rbenv', :git => 'https://github.com/fnichol/chef-rbenv.git', :ref => 'c4dbcc85e3d6dae0eb8c9dc507d5ee915b7ad480'
cookbook 'mongodb', :git => 'https://github.com/edelight/chef-mongodb.git', :ref => '58d2f44bf0cbfb67441f0882cdbddc6ba19ea6ac'
cookbook 'rabbitmq', :git => 'https://github.com/mojolingo/rabbitmq.git', :ref => '0cea36930941cc036616718c867c234479a6a3dc'
cookbook 'build-essential', :locked_version => '1.2.0'
cookbook 'dmg', :locked_version => '1.0.0'
cookbook 'runit', :locked_version => '0.15.0'
cookbook 'yum', :locked_version => '1.0.0'
cookbook 'ruby_build', :locked_version => '0.6.2'
cookbook 'java', :locked_version => '1.6.0'
cookbook 'ejabberd', :git => 'git://github.com/mojolingo/ejabberd.git', :ref => 'ef017b55ec3ad65bd755e35b34076d0136c03833'